
Microsoft Visual Studio Solution File, Format Version 12.00
# Visual Studio 15
VisualStudioVersion = 15.0.28307.902
MinimumVisualStudioVersion = 10.0.40219.1
Project("{FAE04EC0-301F-11D3-BF4B-00C04F79EFBC}") = "CS_1_PrimeiroProjeto", "Parte1\CS_1_PrimeiroProjeto\CS_1_PrimeiroProjeto.csproj", "{B7CDECB6-8880-4AB0-ADAC-30D77338CAFF}"
EndProject
Project("{FAE04EC0-301F-11D3-BF4B-00C04F79EFBC}") = "CS_2_CriandoVariaveis", "Parte1\CS_2_CriandoVariaveis\CS_2_CriandoVariaveis.csproj", "{D19F0FE8-E67A-4EFF-9913-3AFF6277C1B7}"
EndProject
Project("{FAE04EC0-301F-11D3-BF4B-00C04F79EFBC}") = "CS_3_CriandoVariaveisPontoFlutuante", "Parte1\CS_3_CriandoVariaveisPontoFlutuante\CS_3_CriandoVariaveisPontoFlutuante.csproj", "{F6E74F60-F125-4C4C-947F-73F5FF0A85F6}"
EndProject
Project("{FAE04EC0-301F-11D3-BF4B-00C04F79EFBC}") = "CS_4_ConversoesEOutrosTiposNumericos", "Parte1\CS_4_ConversoesEOutrosTiposNumericos\CS_4_ConversoesEOutrosTiposNumericos.csproj", "{41A595A4-83C9-4957-B509-D32550C05785}"
EndProject
Project("{FAE04EC0-301F-11D3-BF4B-00C04F79EFBC}") = "CS_5_CaracteresETextos", "Parte1\CS_5_CaracteresETextos\CS_5_CaracteresETextos.csproj", "{05570498-F9C3-4E49-93AC-3EF9B9ECC031}"
EndProject
Project("{FAE04EC0-301F-11D3-BF4B-00C04F79EFBC}") = "CS_6_AtribuicoesDeVariaveis", "Parte1\CS_6_AtribuicoesDeVariaveis\CS_6_AtribuicoesDeVariaveis.csproj", "{9515BFBD-D5C3-43BA-952E-5CADDCD2A905}"
EndProject
Project("{FAE04EC0-301F-11D3-BF4B-00C04F79EFBC}") = "CS_7_Condicionais", "Parte1\CS_7_Condicionais\CS_7_Condicionais.csproj", "{F651853C-32B6-42B0-8CFE-F9E2452CF313}"
EndProject
Project("{FAE04EC0-301F-11D3-BF4B-00C04F79EFBC}") = "CS_8_Condicionais2", "Parte1\CS_8_Condicionais2\CS_8_Condicionais2.csproj", "{7AC30F91-5671-4061-B908-018B8E1B8CAD}"
EndProject
Project("{FAE04EC0-301F-11D3-BF4B-00C04F79EFBC}") = "CS_9_Escopo", "Parte1\CS_9_Escopo\CS_9_Escopo.csproj", "{FF809DF7-C2BB-4F76-BDA5-39696FE2E040}"
EndProject
Project("{FAE04EC0-301F-11D3-BF4B-00C04F79EFBC}") = "CS_10_CalculaPoupanca", "Parte1\CS_10_CalculaPoupanca\CS_10_CalculaPoupanca.csproj", "{F7356F57-FB75-42FB-9DEA-56E97ABD3436}"
EndProject
Project("{FAE04EC0-301F-11D3-BF4B-00C04F79EFBC}") = "CS_11_CalculaPoupanca2", "Parte1\CS_11_CalculaPoupanca2\CS_11_CalculaPoupanca2.csproj", "{E82B91B5-3413-4994-8E56-BF01BA72ED10}"
EndProject
Project("{FAE04EC0-301F-11D3-BF4B-00C04F79EFBC}") = "CS_12_CalculaInvestimentoLongoPrazo", "Parte1\CS_12_CalculaInvestimentoLongoPrazo\CS_12_CalculaInvestimentoLongoPrazo.csproj", "{F782F807-25D2-46F8-838E-15A1550D74FD}"
EndProject
Project("{FAE04EC0-301F-11D3-BF4B-00C04F79EFBC}") = "CS_13_ForEncadeado", "Parte1\CS_13_ForEncadeado\CS_13_ForEncadeado.csproj", "{3E35019D-5875-4DCB-9992-B17DC8AB3F3D}"
EndProject
Project("{2150E333-8FDC-42A3-9474-1A3956D46DE8}") = "Parte1", "Parte1", "{06B01588-846D-475E-976F-E2F12C46351F}"
EndProject
Project("{2150E333-8FDC-42A3-9474-1A3956D46DE8}") = "Parte2", "Parte2", "{1359FA44-C020-456F-BA69-D50F1E152658}"
EndProject
Project("{FAE04EC0-301F-11D3-BF4B-00C04F79EFBC}") = "P2_01_ByteBank", "P2_01_ByteBank\P2_01_ByteBank.csproj", "{9334F251-5D7A-400B-ADEE-C5D32E6B4D99}"
EndProject
Project("{FAE04EC0-301F-11D3-BF4B-00C04F79EFBC}") = "P2_02_ByteBank", "P2_02_ByteBank\P2_02_ByteBank.csproj", "{365DF129-5499-40A4-A059-193114CEC239}"
EndProject
Project("{FAE04EC0-301F-11D3-BF4B-00C04F79EFBC}") = "P2_03_ByteBank", "P2_03_ByteBank\P2_03_ByteBank.csproj", "{6D4915B1-D21A-4169-BE4F-8D43443CAA41}"
EndProject
Project("{FAE04EC0-301F-11D3-BF4B-00C04F79EFBC}") = "P2_04_ByteBank", "P2_04_ByteBank\P2_04_ByteBank.csproj", "{03CF4706-61C3-4313-AD67-196503A2A792}"
EndProject
Project("{FAE04EC0-301F-11D3-BF4B-00C04F79EFBC}") = "P2_05_ByteBank", "P2_05_ByteBank\P2_05_ByteBank.csproj", "{C01C4EF5-4D3E-41A2-9762-A232EB663C5E}"
EndProject
Project("{FAE04EC0-301F-11D3-BF4B-00C04F79EFBC}") = "P2_06_ByteBank", "P2_06_ByteBank\P2_06_ByteBank.csproj", "{C46C5A22-B256-44F8-AF93-0EF2AC2281FC}"
EndProject
Project("{FAE04EC0-301F-11D3-BF4B-00C04F79EFBC}") = "P2_07_ByteBank", "P2_07_ByteBank\P2_07_ByteBank.csproj", "{C1EA6BEE-C9A7-473E-AEE7-DC880787D3DE}"
EndProject
Project("{2150E333-8FDC-42A3-9474-1A3956D46DE8}") = "Parte3", "Parte3", "{E7B7ECF9-10A9-40FA-93F8-01CEF1A4ED10}"
EndProject
Project("{FAE04EC0-301F-11D3-BF4B-00C04F79EFBC}") = "P3_ByteBank", "P3_ByteBank\P3_ByteBank.csproj", "{5E57C794-EC0E-4D5F-8494-2E01F5A7903A}"
EndProject
Global
	GlobalSection(SolutionConfigurationPlatforms) = preSolution
		Debug|Any CPU = Debug|Any CPU
		Release|Any CPU = Release|Any CPU
	EndGlobalSection
	GlobalSection(ProjectConfigurationPlatforms) = postSolution
		{B7CDECB6-8880-4AB0-ADAC-30D77338CAFF}.Debug|Any CPU.ActiveCfg = Debug|Any CPU
		{B7CDECB6-8880-4AB0-ADAC-30D77338CAFF}.Debug|Any CPU.Build.0 = Debug|Any CPU
		{B7CDECB6-8880-4AB0-ADAC-30D77338CAFF}.Release|Any CPU.ActiveCfg = Release|Any CPU
		{B7CDECB6-8880-4AB0-ADAC-30D77338CAFF}.Release|Any CPU.Build.0 = Release|Any CPU
		{D19F0FE8-E67A-4EFF-9913-3AFF6277C1B7}.Debug|Any CPU.ActiveCfg = Debug|Any CPU
		{D19F0FE8-E67A-4EFF-9913-3AFF6277C1B7}.Debug|Any CPU.Build.0 = Debug|Any CPU
		{D19F0FE8-E67A-4EFF-9913-3AFF6277C1B7}.Release|Any CPU.ActiveCfg = Release|Any CPU
		{D19F0FE8-E67A-4EFF-9913-3AFF6277C1B7}.Release|Any CPU.Build.0 = Release|Any CPU
		{F6E74F60-F125-4C4C-947F-73F5FF0A85F6}.Debug|Any CPU.ActiveCfg = Debug|Any CPU
		{F6E74F60-F125-4C4C-947F-73F5FF0A85F6}.Debug|Any CPU.Build.0 = Debug|Any CPU
		{F6E74F60-F125-4C4C-947F-73F5FF0A85F6}.Release|Any CPU.ActiveCfg = Release|Any CPU
		{F6E74F60-F125-4C4C-947F-73F5FF0A85F6}.Release|Any CPU.Build.0 = Release|Any CPU
		{41A595A4-83C9-4957-B509-D32550C05785}.Debug|Any CPU.ActiveCfg = Debug|Any CPU
		{41A595A4-83C9-4957-B509-D32550C05785}.Debug|Any CPU.Build.0 = Debug|Any CPU
		{41A595A4-83C9-4957-B509-D32550C05785}.Release|Any CPU.ActiveCfg = Release|Any CPU
		{41A595A4-83C9-4957-B509-D32550C05785}.Release|Any CPU.Build.0 = Release|Any CPU
		{05570498-F9C3-4E49-93AC-3EF9B9ECC031}.Debug|Any CPU.ActiveCfg = Debug|Any CPU
		{05570498-F9C3-4E49-93AC-3EF9B9ECC031}.Debug|Any CPU.Build.0 = Debug|Any CPU
		{05570498-F9C3-4E49-93AC-3EF9B9ECC031}.Release|Any CPU.ActiveCfg = Release|Any CPU
		{05570498-F9C3-4E49-93AC-3EF9B9ECC031}.Release|Any CPU.Build.0 = Release|Any CPU
		{9515BFBD-D5C3-43BA-952E-5CADDCD2A905}.Debug|Any CPU.ActiveCfg = Debug|Any CPU
		{9515BFBD-D5C3-43BA-952E-5CADDCD2A905}.Debug|Any CPU.Build.0 = Debug|Any CPU
		{9515BFBD-D5C3-43BA-952E-5CADDCD2A905}.Release|Any CPU.ActiveCfg = Release|Any CPU
		{9515BFBD-D5C3-43BA-952E-5CADDCD2A905}.Release|Any CPU.Build.0 = Release|Any CPU
		{F651853C-32B6-42B0-8CFE-F9E2452CF313}.Debug|Any CPU.ActiveCfg = Debug|Any CPU
		{F651853C-32B6-42B0-8CFE-F9E2452CF313}.Debug|Any CPU.Build.0 = Debug|Any CPU
		{F651853C-32B6-42B0-8CFE-F9E2452CF313}.Release|Any CPU.ActiveCfg = Release|Any CPU
		{F651853C-32B6-42B0-8CFE-F9E2452CF313}.Release|Any CPU.Build.0 = Release|Any CPU
		{7AC30F91-5671-4061-B908-018B8E1B8CAD}.Debug|Any CPU.ActiveCfg = Debug|Any CPU
		{7AC30F91-5671-4061-B908-018B8E1B8CAD}.Debug|Any CPU.Build.0 = Debug|Any CPU
		{7AC30F91-5671-4061-B908-018B8E1B8CAD}.Release|Any CPU.ActiveCfg = Release|Any CPU
		{7AC30F91-5671-4061-B908-018B8E1B8CAD}.Release|Any CPU.Build.0 = Release|Any CPU
		{FF809DF7-C2BB-4F76-BDA5-39696FE2E040}.Debug|Any CPU.ActiveCfg = Debug|Any CPU
		{FF809DF7-C2BB-4F76-BDA5-39696FE2E040}.Debug|Any CPU.Build.0 = Debug|Any CPU
		{FF809DF7-C2BB-4F76-BDA5-39696FE2E040}.Release|Any CPU.ActiveCfg = Release|Any CPU
		{FF809DF7-C2BB-4F76-BDA5-39696FE2E040}.Release|Any CPU.Build.0 = Release|Any CPU
		{F7356F57-FB75-42FB-9DEA-56E97ABD3436}.Debug|Any CPU.ActiveCfg = Debug|Any CPU
		{F7356F57-FB75-42FB-9DEA-56E97ABD3436}.Debug|Any CPU.Build.0 = Debug|Any CPU
		{F7356F57-FB75-42FB-9DEA-56E97ABD3436}.Release|Any CPU.ActiveCfg = Release|Any CPU
		{F7356F57-FB75-42FB-9DEA-56E97ABD3436}.Release|Any CPU.Build.0 = Release|Any CPU
		{E82B91B5-3413-4994-8E56-BF01BA72ED10}.Debug|Any CPU.ActiveCfg = Debug|Any CPU
		{E82B91B5-3413-4994-8E56-BF01BA72ED10}.Debug|Any CPU.Build.0 = Debug|Any CPU
		{E82B91B5-3413-4994-8E56-BF01BA72ED10}.Release|Any CPU.ActiveCfg = Release|Any CPU
		{E82B91B5-3413-4994-8E56-BF01BA72ED10}.Release|Any CPU.Build.0 = Release|Any CPU
		{F782F807-25D2-46F8-838E-15A1550D74FD}.Debug|Any CPU.ActiveCfg = Debug|Any CPU
		{F782F807-25D2-46F8-838E-15A1550D74FD}.Debug|Any CPU.Build.0 = Debug|Any CPU
		{F782F807-25D2-46F8-838E-15A1550D74FD}.Release|Any CPU.ActiveCfg = Release|Any CPU
		{F782F807-25D2-46F8-838E-15A1550D74FD}.Release|Any CPU.Build.0 = Release|Any CPU
		{3E35019D-5875-4DCB-9992-B17DC8AB3F3D}.Debug|Any CPU.ActiveCfg = Debug|Any CPU
		{3E35019D-5875-4DCB-9992-B17DC8AB3F3D}.Debug|Any CPU.Build.0 = Debug|Any CPU
		{3E35019D-5875-4DCB-9992-B17DC8AB3F3D}.Release|Any CPU.ActiveCfg = Release|Any CPU
		{3E35019D-5875-4DCB-9992-B17DC8AB3F3D}.Release|Any CPU.Build.0 = Release|Any CPU
		{9334F251-5D7A-400B-ADEE-C5D32E6B4D99}.Debug|Any CPU.ActiveCfg = Debug|Any CPU
		{9334F251-5D7A-400B-ADEE-C5D32E6B4D99}.Debug|Any CPU.Build.0 = Debug|Any CPU
		{9334F251-5D7A-400B-ADEE-C5D32E6B4D99}.Release|Any CPU.ActiveCfg = Release|Any CPU
		{9334F251-5D7A-400B-ADEE-C5D32E6B4D99}.Release|Any CPU.Build.0 = Release|Any CPU
		{365DF129-5499-40A4-A059-193114CEC239}.Debug|Any CPU.ActiveCfg = Debug|Any CPU
		{365DF129-5499-40A4-A059-193114CEC239}.Debug|Any CPU.Build.0 = Debug|Any CPU
		{365DF129-5499-40A4-A059-193114CEC239}.Release|Any CPU.ActiveCfg = Release|Any CPU
		{365DF129-5499-40A4-A059-193114CEC239}.Release|Any CPU.Build.0 = Release|Any CPU
		{6D4915B1-D21A-4169-BE4F-8D43443CAA41}.Debug|Any CPU.ActiveCfg = Debug|Any CPU
		{6D4915B1-D21A-4169-BE4F-8D43443CAA41}.Debug|Any CPU.Build.0 = Debug|Any CPU
		{6D4915B1-D21A-4169-BE4F-8D43443CAA41}.Release|Any CPU.ActiveCfg = Release|Any CPU
		{6D4915B1-D21A-4169-BE4F-8D43443CAA41}.Release|Any CPU.Build.0 = Release|Any CPU
		{03CF4706-61C3-4313-AD67-196503A2A792}.Debug|Any CPU.ActiveCfg = Debug|Any CPU
		{03CF4706-61C3-4313-AD67-196503A2A792}.Debug|Any CPU.Build.0 = Debug|Any CPU
		{03CF4706-61C3-4313-AD67-196503A2A792}.Release|Any CPU.ActiveCfg = Release|Any CPU
		{03CF4706-61C3-4313-AD67-196503A2A792}.Release|Any CPU.Build.0 = Release|Any CPU
		{C01C4EF5-4D3E-41A2-9762-A232EB663C5E}.Debug|Any CPU.ActiveCfg = Debug|Any CPU
		{C01C4EF5-4D3E-41A2-9762-A232EB663C5E}.Debug|Any CPU.Build.0 = Debug|Any CPU
		{C01C4EF5-4D3E-41A2-9762-A232EB663C5E}.Release|Any CPU.ActiveCfg = Release|Any CPU
		{C01C4EF5-4D3E-41A2-9762-A232EB663C5E}.Release|Any CPU.Build.0 = Release|Any CPU
		{C46C5A22-B256-44F8-AF93-0EF2AC2281FC}.Debug|Any CPU.ActiveCfg = Debug|Any CPU
		{C46C5A22-B256-44F8-AF93-0EF2AC2281FC}.Debug|Any CPU.Build.0 = Debug|Any CPU
		{C46C5A22-B256-44F8-AF93-0EF2AC2281FC}.Release|Any CPU.ActiveCfg = Release|Any CPU
		{C46C5A22-B256-44F8-AF93-0EF2AC2281FC}.Release|Any CPU.Build.0 = Release|Any CPU
		{C1EA6BEE-C9A7-473E-AEE7-DC880787D3DE}.Debug|Any CPU.ActiveCfg = Debug|Any CPU
		{C1EA6BEE-C9A7-473E-AEE7-DC880787D3DE}.Debug|Any CPU.Build.0 = Debug|Any CPU
		{C1EA6BEE-C9A7-473E-AEE7-DC880787D3DE}.Release|Any CPU.ActiveCfg = Release|Any CPU
		{C1EA6BEE-C9A7-473E-AEE7-DC880787D3DE}.Release|Any CPU.Build.0 = Release|Any CPU
		{5E57C794-EC0E-4D5F-8494-2E01F5A7903A}.Debug|Any CPU.ActiveCfg = Debug|Any CPU
		{5E57C794-EC0E-4D5F-8494-2E01F5A7903A}.Debug|Any CPU.Build.0 = Debug|Any CPU
		{5E57C794-EC0E-4D5F-8494-2E01F5A7903A}.Release|Any CPU.ActiveCfg = Release|Any CPU
		{5E57C794-EC0E-4D5F-8494-2E01F5A7903A}.Release|Any CPU.Build.0 = Release|Any CPU
	EndGlobalSection
	GlobalSection(SolutionProperties) = preSolution
		HideSolutionNode = FALSE
	EndGlobalSection
	GlobalSection(NestedProjects) = preSolution
		{B7CDECB6-8880-4AB0-ADAC-30D77338CAFF} = {06B01588-846D-475E-976F-E2F12C46351F}
		{D19F0FE8-E67A-4EFF-9913-3AFF6277C1B7} = {06B01588-846D-475E-976F-E2F12C46351F}
		{F6E74F60-F125-4C4C-947F-73F5FF0A85F6} = {06B01588-846D-475E-976F-E2F12C46351F}
		{41A595A4-83C9-4957-B509-D32550C05785} = {06B01588-846D-475E-976F-E2F12C46351F}
		{05570498-F9C3-4E49-93AC-3EF9B9ECC031} = {06B01588-846D-475E-976F-E2F12C46351F}
		{9515BFBD-D5C3-43BA-952E-5CADDCD2A905} = {06B01588-846D-475E-976F-E2F12C46351F}
		{F651853C-32B6-42B0-8CFE-F9E2452CF313} = {06B01588-846D-475E-976F-E2F12C46351F}
		{7AC30F91-5671-4061-B908-018B8E1B8CAD} = {06B01588-846D-475E-976F-E2F12C46351F}
		{FF809DF7-C2BB-4F76-BDA5-39696FE2E040} = {06B01588-846D-475E-976F-E2F12C46351F}
		{F7356F57-FB75-42FB-9DEA-56E97ABD3436} = {06B01588-846D-475E-976F-E2F12C46351F}
		{E82B91B5-3413-4994-8E56-BF01BA72ED10} = {06B01588-846D-475E-976F-E2F12C46351F}
		{F782F807-25D2-46F8-838E-15A1550D74FD} = {06B01588-846D-475E-976F-E2F12C46351F}
		{3E35019D-5875-4DCB-9992-B17DC8AB3F3D} = {06B01588-846D-475E-976F-E2F12C46351F}
		{9334F251-5D7A-400B-ADEE-C5D32E6B4D99} = {1359FA44-C020-456F-BA69-D50F1E152658}
		{365DF129-5499-40A4-A059-193114CEC239} = {1359FA44-C020-456F-BA69-D50F1E152658}
		{6D4915B1-D21A-4169-BE4F-8D43443CAA41} = {1359FA44-C020-456F-BA69-D50F1E152658}
		{03CF4706-61C3-4313-AD67-196503A2A792} = {1359FA44-C020-456F-BA69-D50F1E152658}
		{C01C4EF5-4D3E-41A2-9762-A232EB663C5E} = {1359FA44-C020-456F-BA69-D50F1E152658}
		{C46C5A22-B256-44F8-AF93-0EF2AC2281FC} = {1359FA44-C020-456F-BA69-D50F1E152658}
		{C1EA6BEE-C9A7-473E-AEE7-DC880787D3DE} = {1359FA44-C020-456F-BA69-D50F1E152658}
		{5E57C794-EC0E-4D5F-8494-2E01F5A7903A} = {E7B7ECF9-10A9-40FA-93F8-01CEF1A4ED10}
	EndGlobalSection
	GlobalSection(ExtensibilityGlobals) = postSolution
		SolutionGuid = {8A5E230B-F57A-4FBF-B5D2-EDC13AA3468E}
	EndGlobalSection
EndGlobal
