
Microsoft Visual Studio Solution File, Format Version 12.00
# Visual Studio Version 16
VisualStudioVersion = 16.0.29123.88
MinimumVisualStudioVersion = 10.0.40219.1
Project("{FAE04EC0-301F-11D3-BF4B-00C04F79EFBC}") = "CS_1_PrimeiroProjeto", "CS_1_PrimeiroProjeto\CS_1_PrimeiroProjeto.csproj", "{B7CDECB6-8880-4AB0-ADAC-30D77338CAFF}"
EndProject
Project("{FAE04EC0-301F-11D3-BF4B-00C04F79EFBC}") = "CS_2_CriandoVariaveis", "CS_2_CriandoVariaveis\CS_2_CriandoVariaveis.csproj", "{D19F0FE8-E67A-4EFF-9913-3AFF6277C1B7}"
EndProject
Project("{FAE04EC0-301F-11D3-BF4B-00C04F79EFBC}") = "CS_3_CriandoVariaveisPontoFlutuante", "CS_3_CriandoVariaveisPontoFlutuante\CS_3_CriandoVariaveisPontoFlutuante.csproj", "{F6E74F60-F125-4C4C-947F-73F5FF0A85F6}"
EndProject
Project("{FAE04EC0-301F-11D3-BF4B-00C04F79EFBC}") = "CS_4_ConversoesEOutrosTiposNumericos", "CS_4_ConversoesEOutrosTiposNumericos\CS_4_ConversoesEOutrosTiposNumericos.csproj", "{41A595A4-83C9-4957-B509-D32550C05785}"
EndProject
Project("{FAE04EC0-301F-11D3-BF4B-00C04F79EFBC}") = "CS_5_CaracteresETextos", "CS_5_CaracteresETextos\CS_5_CaracteresETextos.csproj", "{05570498-F9C3-4E49-93AC-3EF9B9ECC031}"
EndProject
Global
	GlobalSection(SolutionConfigurationPlatforms) = preSolution
		Debug|Any CPU = Debug|Any CPU
		Release|Any CPU = Release|Any CPU
	EndGlobalSection
	GlobalSection(ProjectConfigurationPlatforms) = postSolution
		{B7CDECB6-8880-4AB0-ADAC-30D77338CAFF}.Debug|Any CPU.ActiveCfg = Debug|Any CPU
		{B7CDECB6-8880-4AB0-ADAC-30D77338CAFF}.Debug|Any CPU.Build.0 = Debug|Any CPU
		{B7CDECB6-8880-4AB0-ADAC-30D77338CAFF}.Release|Any CPU.ActiveCfg = Release|Any CPU
		{B7CDECB6-8880-4AB0-ADAC-30D77338CAFF}.Release|Any CPU.Build.0 = Release|Any CPU
		{D19F0FE8-E67A-4EFF-9913-3AFF6277C1B7}.Debug|Any CPU.ActiveCfg = Debug|Any CPU
		{D19F0FE8-E67A-4EFF-9913-3AFF6277C1B7}.Debug|Any CPU.Build.0 = Debug|Any CPU
		{D19F0FE8-E67A-4EFF-9913-3AFF6277C1B7}.Release|Any CPU.ActiveCfg = Release|Any CPU
		{D19F0FE8-E67A-4EFF-9913-3AFF6277C1B7}.Release|Any CPU.Build.0 = Release|Any CPU
		{F6E74F60-F125-4C4C-947F-73F5FF0A85F6}.Debug|Any CPU.ActiveCfg = Debug|Any CPU
		{F6E74F60-F125-4C4C-947F-73F5FF0A85F6}.Debug|Any CPU.Build.0 = Debug|Any CPU
		{F6E74F60-F125-4C4C-947F-73F5FF0A85F6}.Release|Any CPU.ActiveCfg = Release|Any CPU
		{F6E74F60-F125-4C4C-947F-73F5FF0A85F6}.Release|Any CPU.Build.0 = Release|Any CPU
		{41A595A4-83C9-4957-B509-D32550C05785}.Debug|Any CPU.ActiveCfg = Debug|Any CPU
		{41A595A4-83C9-4957-B509-D32550C05785}.Debug|Any CPU.Build.0 = Debug|Any CPU
		{41A595A4-83C9-4957-B509-D32550C05785}.Release|Any CPU.ActiveCfg = Release|Any CPU
		{41A595A4-83C9-4957-B509-D32550C05785}.Release|Any CPU.Build.0 = Release|Any CPU
		{05570498-F9C3-4E49-93AC-3EF9B9ECC031}.Debug|Any CPU.ActiveCfg = Debug|Any CPU
		{05570498-F9C3-4E49-93AC-3EF9B9ECC031}.Debug|Any CPU.Build.0 = Debug|Any CPU
		{05570498-F9C3-4E49-93AC-3EF9B9ECC031}.Release|Any CPU.ActiveCfg = Release|Any CPU
		{05570498-F9C3-4E49-93AC-3EF9B9ECC031}.Release|Any CPU.Build.0 = Release|Any CPU
	EndGlobalSection
	GlobalSection(SolutionProperties) = preSolution
		HideSolutionNode = FALSE
	EndGlobalSection
	GlobalSection(ExtensibilityGlobals) = postSolution
		SolutionGuid = {8A5E230B-F57A-4FBF-B5D2-EDC13AA3468E}
	EndGlobalSection
EndGlobal
